
Microsoft Visual Studio Solution File, Format Version 12.00
Project("{FAE04EC0-301F-11D3-BF4B-00C04F79EFBC}") = "laba3", "laba3\laba3.csproj", "{9320FFE4-CB1D-4B55-947A-2EE2888726A8}"
EndProject
Global
	GlobalSection(SolutionConfigurationPlatforms) = preSolution
		Debug|Any CPU = Debug|Any CPU
		Release|Any CPU = Release|Any CPU
	EndGlobalSection
	GlobalSection(ProjectConfigurationPlatforms) = postSolution
		{9320FFE4-CB1D-4B55-947A-2EE2888726A8}.Debug|Any CPU.ActiveCfg = Debug|Any CPU
		{9320FFE4-CB1D-4B55-947A-2EE2888726A8}.Debug|Any CPU.Build.0 = Debug|Any CPU
		{9320FFE4-CB1D-4B55-947A-2EE2888726A8}.Release|Any CPU.ActiveCfg = Release|Any CPU
		{9320FFE4-CB1D-4B55-947A-2EE2888726A8}.Release|Any CPU.Build.0 = Release|Any CPU
	EndGlobalSection
EndGlobal
